
Microsoft Visual Studio Solution File, Format Version 12.00
# Visual Studio Version 16
VisualStudioVersion = 16.0.30907.101
MinimumVisualStudioVersion = 10.0.40219.1
Project("{FAE04EC0-301F-11D3-BF4B-00C04F79EFBC}") = "OTFI1_Parinas_DigitReversal", "OTFI1_Parinas_DigitReversal.csproj", "{068EACEF-DAAD-4DB2-9CEB-28152B985B83}"
EndProject
Global
	GlobalSection(SolutionConfigurationPlatforms) = preSolution
		Debug|Any CPU = Debug|Any CPU
		Release|Any CPU = Release|Any CPU
	EndGlobalSection
	GlobalSection(ProjectConfigurationPlatforms) = postSolution
		{068EACEF-DAAD-4DB2-9CEB-28152B985B83}.Debug|Any CPU.ActiveCfg = Debug|Any CPU
		{068EACEF-DAAD-4DB2-9CEB-28152B985B83}.Debug|Any CPU.Build.0 = Debug|Any CPU
		{068EACEF-DAAD-4DB2-9CEB-28152B985B83}.Release|Any CPU.ActiveCfg = Release|Any CPU
		{068EACEF-DAAD-4DB2-9CEB-28152B985B83}.Release|Any CPU.Build.0 = Release|Any CPU
	EndGlobalSection
	GlobalSection(SolutionProperties) = preSolution
		HideSolutionNode = FALSE
	EndGlobalSection
	GlobalSection(ExtensibilityGlobals) = postSolution
		SolutionGuid = {B46EC7A7-6ADB-4FB9-9D7C-4DC4D06AE3EC}
	EndGlobalSection
EndGlobal
